<Solution>
  <Folder Name="/Lumina/" />
  <Folder Name="/Lumina/src/">
    <Project Path="Lumina/src/Lumina/Lumina.csproj" />
  </Folder>
  <Folder Name="/Meddle/" />
  <Folder Name="/Meddle/Meddle/">
    <Project Path="Meddle/Meddle/Meddle.Utils/Meddle.Utils.csproj" />
  </Folder>
  <Folder Name="/SkinTatoo/">
    <Project Path="SkinTatoo/SkinTatoo/SkinTatoo.csproj" />
  </Folder>
  <Project Path="Penumbra.Api/Penumbra.Api.csproj" />
</Solution>
